{
  "name": "api",
  "lockfileVersion": 3,
  "requires": true,
  "packages": {
    "": {
      "name": "api",
      "dependencies": {
        "hono": "^4.6.20"
      },
      "devDependencies": {
        "@cloudflare/workers-types": "^4.20250109.0",
        "wrangler": "^3.101.0"
      },
      "engines": {
        "npm": "pnpmを使用してください",
        "yarn": "pnpmを使用してください"
      }
    },
    "../../node_modules/.pnpm/@cloudflare+workers-types@4.20250204.0/node_modules/@cloudflare/workers-types": {
      "version": "4.20250204.0",
      "dev": true,
      "license": "MIT OR Apache-2.0"
    },
    "../../node_modules/.pnpm/hono@4.6.20/node_modules/hono": {
      "version": "4.6.20",
      "license": "MIT",
      "devDependencies": {
        "@hono/eslint-config": "^1.0.2",
        "@hono/node-server": "^1.13.5",
        "@types/glob": "^8.1.0",
        "@types/jsdom": "^21.1.7",
        "@types/node": "20.11.4",
        "@types/supertest": "^2.0.16",
        "@vitest/coverage-v8": "^2.0.5",
        "arg": "^5.0.2",
        "bun-types": "^1.1.39",
        "esbuild": "^0.15.18",
        "eslint": "^9.10.0",
        "glob": "^11.0.0",
        "jsdom": "^22.1.0",
        "msw": "^2.6.0",
        "np": "10.2.0",
        "prettier": "^2.6.2",
        "publint": "^0.1.16",
        "supertest": "^6.3.4",
        "typescript": "^5.3.3",
        "vite-plugin-fastly-js-compute": "^0.4.2",
        "vitest": "^2.0.5",
        "wrangler": "3.58.0",
        "ws": "^8.18.0",
        "zod": "^3.23.8"
      },
      "engines": {
        "node": ">=16.9.0"
      }
    },
    "../../node_modules/.pnpm/wrangler@3.107.3_@cloudflare+workers-types@4.20250204.0/node_modules/wrangler": {
      "version": "3.107.3",
      "dev": true,
      "license": "MIT OR Apache-2.0",
      "dependencies": {
        "@cloudflare/kv-asset-handler": "0.3.4",
        "@esbuild-plugins/node-globals-polyfill": "0.2.3",
        "@esbuild-plugins/node-modules-polyfill": "0.2.2",
        "blake3-wasm": "2.1.5",
        "esbuild": "0.17.19",
        "miniflare": "3.20250129.0",
        "path-to-regexp": "6.3.0",
        "unenv": "2.0.0-rc.1",
        "workerd": "1.20250129.0"
      },
      "bin": {
        "wrangler": "bin/wrangler.js",
        "wrangler2": "bin/wrangler.js"
      },
      "devDependencies": {
        "@aws-sdk/client-s3": "^3.721.0",
        "@cloudflare/cli": "1.1.1",
        "@cloudflare/eslint-config-worker": "1.1.0",
        "@cloudflare/pages-shared": "^0.13.5",
        "@cloudflare/types": "6.18.4",
        "@cloudflare/workers-shared": "0.13.1",
        "@cloudflare/workers-tsconfig": "0.0.0",
        "@cloudflare/workers-types": "^4.20250129.0",
        "@cspotcode/source-map-support": "0.8.1",
        "@iarna/toml": "^3.0.0",
        "@microsoft/api-extractor": "^7.47.0",
        "@sentry/node": "^7.86.0",
        "@sentry/types": "^7.86.0",
        "@sentry/utils": "^7.86.0",
        "@types/command-exists": "^1.2.0",
        "@types/glob-to-regexp": "^0.4.1",
        "@types/is-ci": "^3.0.0",
        "@types/javascript-time-ago": "^2.0.3",
        "@types/mime": "^3.0.4",
        "@types/minimatch": "^5.1.2",
        "@types/node": "^18.19.71",
        "@types/node-forge": "^1.3.11",
        "@types/prompts": "^2.0.14",
        "@types/resolve": "^1.20.6",
        "@types/shell-quote": "^1.7.2",
        "@types/signal-exit": "^3.0.1",
        "@types/supports-color": "^8.1.1",
        "@types/ws": "^8.5.7",
        "@types/yargs": "^17.0.22",
        "@vitest/ui": "~2.1.8",
        "@webcontainer/env": "^1.1.0",
        "chalk": "^5.2.0",
        "chokidar": "^4.0.1",
        "cli-table3": "^0.6.3",
        "cmd-shim": "^4.1.0",
        "command-exists": "^1.2.9",
        "concurrently": "^8.2.2",
        "date-fns": "^4.1.0",
        "devtools-protocol": "^0.0.1182435",
        "dotenv": "^16.3.1",
        "execa": "^6.1.0",
        "find-up": "^6.3.0",
        "get-port": "^7.0.0",
        "glob-to-regexp": "^0.4.1",
        "https-proxy-agent": "7.0.2",
        "ignore": "^5.2.0",
        "is-ci": "^3.0.1",
        "itty-time": "^1.0.6",
        "javascript-time-ago": "^2.5.4",
        "md5-file": "5.0.0",
        "mime": "^3.0.0",
        "minimatch": "^5.1.0",
        "mock-socket": "^9.3.1",
        "msw": "2.4.3",
        "node-forge": "^1.3.1",
        "open": "^8.4.0",
        "p-queue": "^7.2.0",
        "patch-console": "^1.0.0",
        "pretty-bytes": "^6.0.0",
        "prompts": "^2.4.2",
        "resolve": "^1.22.8",
        "rimraf": "^5.0.10",
        "selfsigned": "^2.0.1",
        "semiver": "^1.1.0",
        "shell-quote": "^1.8.1",
        "signal-exit": "^3.0.7",
        "source-map": "^0.6.1",
        "strip-ansi": "^7.1.0",
        "supports-color": "^9.2.2",
        "timeago.js": "^4.0.2",
        "ts-dedent": "^2.2.0",
        "ts-json-schema-generator": "^1.5.0",
        "typescript": "^5.7.2",
        "undici": "^5.28.4",
        "update-check": "^1.5.4",
        "vitest": "~2.1.8",
        "vitest-websocket-mock": "^0.4.0",
        "ws": "^8.18.0",
        "xdg-app-paths": "^8.3.0",
        "xxhash-wasm": "^1.0.1",
        "yargs": "^17.7.2"
      },
      "engines": {
        "node": ">=16.17.0"
      },
      "optionalDependencies": {
        "fsevents": "~2.3.2"
      },
      "peerDependencies": {
        "@cloudflare/workers-types": "^4.20250129.0"
      },
      "peerDependenciesMeta": {
        "@cloudflare/workers-types": {
          "optional": true
        }
      }
    },
    "node_modules/@cloudflare/workers-types": {
      "resolved": "../../node_modules/.pnpm/@cloudflare+workers-types@4.20250204.0/node_modules/@cloudflare/workers-types",
      "link": true
    },
    "node_modules/hono": {
      "resolved": "../../node_modules/.pnpm/hono@4.6.20/node_modules/hono",
      "link": true
    },
    "node_modules/wrangler": {
      "resolved": "../../node_modules/.pnpm/wrangler@3.107.3_@cloudflare+workers-types@4.20250204.0/node_modules/wrangler",
      "link": true
    }
  }
}
